
Microsoft Visual Studio Solution File, Format Version 12.00
# Visual Studio Version 16
VisualStudioVersion = 16.0.32602.291
MinimumVisualStudioVersion = 10.0.40219.1
Project("{FAE04EC0-301F-11D3-BF4B-00C04F79EFBC}") = "pc", "pc.csproj", "{7DBA1497-C2AC-4D7C-A31B-CA6E92F7163D}"
EndProject
Global
	GlobalSection(SolutionConfigurationPlatforms) = preSolution
		Debug|Any CPU = Debug|Any CPU
		Release|Any CPU = Release|Any CPU
	EndGlobalSection
	GlobalSection(ProjectConfigurationPlatforms) = postSolution
		{7DBA1497-C2AC-4D7C-A31B-CA6E92F7163D}.Debug|Any CPU.ActiveCfg = Debug|Any CPU
		{7DBA1497-C2AC-4D7C-A31B-CA6E92F7163D}.Debug|Any CPU.Build.0 = Debug|Any CPU
		{7DBA1497-C2AC-4D7C-A31B-CA6E92F7163D}.Release|Any CPU.ActiveCfg = Release|Any CPU
		{7DBA1497-C2AC-4D7C-A31B-CA6E92F7163D}.Release|Any CPU.Build.0 = Release|Any CPU
	EndGlobalSection
	GlobalSection(SolutionProperties) = preSolution
		HideSolutionNode = FALSE
	EndGlobalSection
	GlobalSection(ExtensibilityGlobals) = postSolution
		SolutionGuid = {E5DB63C3-F9B4-41A0-96D2-A2A2A7D4D686}
	EndGlobalSection
EndGlobal
